// !$*UTF8*$!
{
	archiveVersion = 1;
	classes = {
	};
	objectVersion = 56;
	objects = {

/* Begin PBXBuildFile section */
		6C0911DF299264D60098FE0F /* SingleImageViewController.swift in Sources */ = {isa = PBXBuildFile; fileRef = 6C0911DE299264D60098FE0F /* SingleImageViewController.swift */; };
		6C0AB9F329C1A21400CA8261 /* TabBarController.swift in Sources */ = {isa = PBXBuildFile; fileRef = 6C0AB9F229C1A21400CA8261 /* TabBarController.swift */; };
		6C1AF9FB29C065E6000DBF9B /* UserResult.swift in Sources */ = {isa = PBXBuildFile; fileRef = 6C1AF9FA29C065E6000DBF9B /* UserResult.swift */; };
		6C1AF9FD29C08A0E000DBF9B /* Extensions.swift in Sources */ = {isa = PBXBuildFile; fileRef = 6C1AF9FC29C08A0E000DBF9B /* Extensions.swift */; };
		6C1AF9FF29C096D0000DBF9B /* AlertOkButtonProvider.swift in Sources */ = {isa = PBXBuildFile; fileRef = 6C1AF9FE29C096D0000DBF9B /* AlertOkButtonProvider.swift */; };
		6C38365E29CDE6AB00DF3D90 /* SwiftKeychainWrapper in Frameworks */ = {isa = PBXBuildFile; productRef = 6C38365D29CDE6AB00DF3D90 /* SwiftKeychainWrapper */; };
		6C38366129CDE6CF00DF3D90 /* Kingfisher in Frameworks */ = {isa = PBXBuildFile; productRef = 6C38366029CDE6CF00DF3D90 /* Kingfisher */; };
		6C38366429CDE6FB00DF3D90 /* ProgressHUD in Frameworks */ = {isa = PBXBuildFile; productRef = 6C38366329CDE6FB00DF3D90 /* ProgressHUD */; };
		6C3916DD29A5FA5A007637B2 /* WebViewViewController.swift in Sources */ = {isa = PBXBuildFile; fileRef = 6C3916DC29A5FA5A007637B2 /* WebViewViewController.swift */; };
		6C3916DF29A614D3007637B2 /* WebViewViewContrlollerDelegate.swift in Sources */ = {isa = PBXBuildFile; fileRef = 6C3916DE29A614D3007637B2 /* WebViewViewContrlollerDelegate.swift */; };
		6C3916E129A62C54007637B2 /* AuthTokenResponseBody.swift in Sources */ = {isa = PBXBuildFile; fileRef = 6C3916E029A62C54007637B2 /* AuthTokenResponseBody.swift */; };
		6C3916E329A62DBC007637B2 /* OAuth2Service.swift in Sources */ = {isa = PBXBuildFile; fileRef = 6C3916E229A62DBC007637B2 /* OAuth2Service.swift */; };
		6C3916E529A645B0007637B2 /* OAuth2TokenStorage.swift in Sources */ = {isa = PBXBuildFile; fileRef = 6C3916E429A645B0007637B2 /* OAuth2TokenStorage.swift */; };
		6C3916E729A64EFD007637B2 /* SplashViewController.swift in Sources */ = {isa = PBXBuildFile; fileRef = 6C3916E629A64EFD007637B2 /* SplashViewController.swift */; };
		6C3916EA29A65302007637B2 /* AuthViewControllerDelegate.swift in Sources */ = {isa = PBXBuildFile; fileRef = 6C3916E929A65302007637B2 /* AuthViewControllerDelegate.swift */; };
		6C469E0029C9F0C200CF183D /* ImagesListService.swift in Sources */ = {isa = PBXBuildFile; fileRef = 6C469DFF29C9F0C200CF183D /* ImagesListService.swift */; };
		6C469E0329C9F16200CF183D /* Photo.swift in Sources */ = {isa = PBXBuildFile; fileRef = 6C469E0229C9F16200CF183D /* Photo.swift */; };
		6C469E0529C9F50900CF183D /* PhotoResult.swift in Sources */ = {isa = PBXBuildFile; fileRef = 6C469E0429C9F50900CF183D /* PhotoResult.swift */; };
		6C51307629EEA7AD0037B2AC /* ImagesListTests.swift in Sources */ = {isa = PBXBuildFile; fileRef = 6C51307529EEA7AD0037B2AC /* ImagesListTests.swift */; };
		6C51307829EEA81E0037B2AC /* ImagesListPresenterSpy.swift in Sources */ = {isa = PBXBuildFile; fileRef = 6C51307729EEA81E0037B2AC /* ImagesListPresenterSpy.swift */; };
		6C6CD72A297A949700154F62 /* AppDelegate.swift in Sources */ = {isa = PBXBuildFile; fileRef = 6C6CD729297A949700154F62 /* AppDelegate.swift */; };
		6C6CD72C297A949700154F62 /* SceneDelegate.swift in Sources */ = {isa = PBXBuildFile; fileRef = 6C6CD72B297A949700154F62 /* SceneDelegate.swift */; };
		6C6CD72E297A949700154F62 /* ImagesListViewController.swift in Sources */ = {isa = PBXBuildFile; fileRef = 6C6CD72D297A949700154F62 /* ImagesListViewController.swift */; };
		6C6CD731297A949700154F62 /* Main.storyboard in Resources */ = {isa = PBXBuildFile; fileRef = 6C6CD72F297A949700154F62 /* Main.storyboard */; };
		6C6CD733297A949B00154F62 /* Assets.xcassets in Resources */ = {isa = PBXBuildFile; fileRef = 6C6CD732297A949B00154F62 /* Assets.xcassets */; };
		6C6CD736297A949B00154F62 /* LaunchScreen.storyboard in Resources */ = {isa = PBXBuildFile; fileRef = 6C6CD734297A949B00154F62 /* LaunchScreen.storyboard */; };
		6C736C9629ED2D1900C85A16 /* ImagesListPresenter.swift in Sources */ = {isa = PBXBuildFile; fileRef = 6C736C9529ED2D1900C85A16 /* ImagesListPresenter.swift */; };
		6C736C9829ED306400C85A16 /* ImagesListViewControllerProtocol.swift in Sources */ = {isa = PBXBuildFile; fileRef = 6C736C9729ED306400C85A16 /* ImagesListViewControllerProtocol.swift */; };
		6C77E10D297C217E00A40FAD /* ImagesListCell.swift in Sources */ = {isa = PBXBuildFile; fileRef = 6C77E10C297C217E00A40FAD /* ImagesListCell.swift */; };
		6C83FC24297E9AEA002F5DA4 /* SF-Pro.ttf in Resources */ = {isa = PBXBuildFile; fileRef = 6C83FC22297E9AEA002F5DA4 /* SF-Pro.ttf */; };
		6C8D79DF29C0636400CE4218 /* ProfileImageService.swift in Sources */ = {isa = PBXBuildFile; fileRef = 6C8D79DE29C0636400CE4218 /* ProfileImageService.swift */; };
		6CAC8C6029BF673100CB0791 /* UIBlockingProgressHUD.swift in Sources */ = {isa = PBXBuildFile; fileRef = 6CAC8C5F29BF673100CB0791 /* UIBlockingProgressHUD.swift */; };
		6CAC8C6229BF70B200CB0791 /* ProfileService.swift in Sources */ = {isa = PBXBuildFile; fileRef = 6CAC8C6129BF70B200CB0791 /* ProfileService.swift */; };
		6CAC8C6529BF729700CB0791 /* ProfileResult.swift in Sources */ = {isa = PBXBuildFile; fileRef = 6CAC8C6429BF729700CB0791 /* ProfileResult.swift */; };
		6CAC8C6729BF72B900CB0791 /* Profile.swift in Sources */ = {isa = PBXBuildFile; fileRef = 6CAC8C6629BF72B900CB0791 /* Profile.swift */; };
		6CAE902029F29668005F1636 /* Constants.swift in Sources */ = {isa = PBXBuildFile; fileRef = 6CAE901E29F29560005F1636 /* Constants.swift */; };
		6CB6796629A50B9B00ABEAC2 /* AuthConfiguration.swift in Sources */ = {isa = PBXBuildFile; fileRef = 6CB6796529A50B9B00ABEAC2 /* AuthConfiguration.swift */; };
		6CB6796829A51BA400ABEAC2 /* AuthViewController.swift in Sources */ = {isa = PBXBuildFile; fileRef = 6CB6796729A51BA400ABEAC2 /* AuthViewController.swift */; };
		6CC0803129CC7D9B00954C63 /* NetworkError.swift in Sources */ = {isa = PBXBuildFile; fileRef = 6CC0803029CC7D9B00954C63 /* NetworkError.swift */; };
		6CC0803329CC845000954C63 /* ImagesListCellDelegate.swift in Sources */ = {isa = PBXBuildFile; fileRef = 6CC0803229CC845000954C63 /* ImagesListCellDelegate.swift */; };
		6CC0803529CC9B5000954C63 /* AlertTwoButtonProvider.swift in Sources */ = {isa = PBXBuildFile; fileRef = 6CC0803429CC9B5000954C63 /* AlertTwoButtonProvider.swift */; };
		6CCC7E6D298BEAE30037C464 /* ProfileViewController.swift in Sources */ = {isa = PBXBuildFile; fileRef = 6CCC7E6C298BEAE30037C464 /* ProfileViewController.swift */; };
		6CE71D8729E4406900A3265B /* AuthHelper.swift in Sources */ = {isa = PBXBuildFile; fileRef = 6CE71D8629E4406900A3265B /* AuthHelper.swift */; };
		6CE71D8F29E4440D00A3265B /* WebViewTests.swift in Sources */ = {isa = PBXBuildFile; fileRef = 6CE71D8E29E4440D00A3265B /* WebViewTests.swift */; };
		6CE71D9629E4458900A3265B /* WebViewPresenterSpy.swift in Sources */ = {isa = PBXBuildFile; fileRef = 6CE71D9529E4458900A3265B /* WebViewPresenterSpy.swift */; };
		6CE71D9829E446B000A3265B /* WebViewViewControllerSpy.swift in Sources */ = {isa = PBXBuildFile; fileRef = 6CE71D9729E446B000A3265B /* WebViewViewControllerSpy.swift */; };
		6CE71DA029E4526500A3265B /* ImageFeedUITests.swift in Sources */ = {isa = PBXBuildFile; fileRef = 6CE71D9F29E4526500A3265B /* ImageFeedUITests.swift */; };
		6CF3615129E54D09004DC859 /* ProfilePresenter.swift in Sources */ = {isa = PBXBuildFile; fileRef = 6CF3615029E54D09004DC859 /* ProfilePresenter.swift */; };
		6CF3615329E54D7D004DC859 /* ProfileViewControllerProtocol.swift in Sources */ = {isa = PBXBuildFile; fileRef = 6CF3615229E54D7D004DC859 /* ProfileViewControllerProtocol.swift */; };
		6CF3615529E59ABA004DC859 /* ProfilePresenterSpy.swift in Sources */ = {isa = PBXBuildFile; fileRef = 6CF3615429E59ABA004DC859 /* ProfilePresenterSpy.swift */; };
		6CF3615729E5A683004DC859 /* ProfileViewControllerSpy.swift in Sources */ = {isa = PBXBuildFile; fileRef = 6CF3615629E5A683004DC859 /* ProfileViewControllerSpy.swift */; };
		6CF3615929E5A71F004DC859 /* ProfileTests.swift in Sources */ = {isa = PBXBuildFile; fileRef = 6CF3615829E5A71F004DC859 /* ProfileTests.swift */; };
		6CF515EC29E0507200CD4B25 /* WebViewViewControllerProtocol.swift in Sources */ = {isa = PBXBuildFile; fileRef = 6CF515EB29E0507200CD4B25 /* WebViewViewControllerProtocol.swift */; };
		6CF515F029E0517F00CD4B25 /* WebViewPresenter.swift in Sources */ = {isa = PBXBuildFile; fileRef = 6CF515EF29E0517F00CD4B25 /* WebViewPresenter.swift */; };
/* End PBXBuildFile section */

/* Begin PBXContainerItemProxy section */
		6CE71D9029E4440D00A3265B /* PBXContainerItemProxy */ = {
			isa = PBXContainerItemProxy;
			containerPortal = 6C6CD71E297A949700154F62 /* Project object */;
			proxyType = 1;
			remoteGlobalIDString = 6C6CD725297A949700154F62;
			remoteInfo = ImageFeed;
		};
		6CE71DA329E4526500A3265B /* PBXContainerItemProxy */ = {
			isa = PBXContainerItemProxy;
			containerPortal = 6C6CD71E297A949700154F62 /* Project object */;
			proxyType = 1;
			remoteGlobalIDString = 6C6CD725297A949700154F62;
			remoteInfo = ImageFeed;
		};
/* End PBXContainerItemProxy section */

/* Begin PBXFileReference section */
		6C0911DE299264D60098FE0F /* SingleImageViewController.swift */ = {isa = PBXFileReference; lastKnownFileType = sourcecode.swift; path = SingleImageViewController.swift; sourceTree = "<group>"; };
		6C0AB9F229C1A21400CA8261 /* TabBarController.swift */ = {isa = PBXFileReference; lastKnownFileType = sourcecode.swift; path = TabBarController.swift; sourceTree = "<group>"; };
		6C1AF9FA29C065E6000DBF9B /* UserResult.swift */ = {isa = PBXFileReference; lastKnownFileType = sourcecode.swift; path = UserResult.swift; sourceTree = "<group>"; };
		6C1AF9FC29C08A0E000DBF9B /* Extensions.swift */ = {isa = PBXFileReference; lastKnownFileType = sourcecode.swift; path = Extensions.swift; sourceTree = "<group>"; };
		6C1AF9FE29C096D0000DBF9B /* AlertOkButtonProvider.swift */ = {isa = PBXFileReference; lastKnownFileType = sourcecode.swift; path = AlertOkButtonProvider.swift; sourceTree = "<group>"; };
		6C3916DC29A5FA5A007637B2 /* WebViewViewController.swift */ = {isa = PBXFileReference; lastKnownFileType = sourcecode.swift; path = WebViewViewController.swift; sourceTree = "<group>"; };
		6C3916DE29A614D3007637B2 /* WebViewViewContrlollerDelegate.swift */ = {isa = PBXFileReference; lastKnownFileType = sourcecode.swift; path = WebViewViewContrlollerDelegate.swift; sourceTree = "<group>"; };
		6C3916E029A62C54007637B2 /* AuthTokenResponseBody.swift */ = {isa = PBXFileReference; lastKnownFileType = sourcecode.swift; path = AuthTokenResponseBody.swift; sourceTree = "<group>"; };
		6C3916E229A62DBC007637B2 /* OAuth2Service.swift */ = {isa = PBXFileReference; lastKnownFileType = sourcecode.swift; path = OAuth2Service.swift; sourceTree = "<group>"; };
		6C3916E429A645B0007637B2 /* OAuth2TokenStorage.swift */ = {isa = PBXFileReference; lastKnownFileType = sourcecode.swift; path = OAuth2TokenStorage.swift; sourceTree = "<group>"; };
		6C3916E629A64EFD007637B2 /* SplashViewController.swift */ = {isa = PBXFileReference; lastKnownFileType = sourcecode.swift; path = SplashViewController.swift; sourceTree = "<group>"; };
		6C3916E929A65302007637B2 /* AuthViewControllerDelegate.swift */ = {isa = PBXFileReference; lastKnownFileType = sourcecode.swift; path = AuthViewControllerDelegate.swift; sourceTree = "<group>"; };
		6C469DFF29C9F0C200CF183D /* ImagesListService.swift */ = {isa = PBXFileReference; lastKnownFileType = sourcecode.swift; path = ImagesListService.swift; sourceTree = "<group>"; };
		6C469E0229C9F16200CF183D /* Photo.swift */ = {isa = PBXFileReference; lastKnownFileType = sourcecode.swift; path = Photo.swift; sourceTree = "<group>"; };
		6C469E0429C9F50900CF183D /* PhotoResult.swift */ = {isa = PBXFileReference; lastKnownFileType = sourcecode.swift; path = PhotoResult.swift; sourceTree = "<group>"; };
		6C51307529EEA7AD0037B2AC /* ImagesListTests.swift */ = {isa = PBXFileReference; lastKnownFileType = sourcecode.swift; path = ImagesListTests.swift; sourceTree = "<group>"; };
		6C51307729EEA81E0037B2AC /* ImagesListPresenterSpy.swift */ = {isa = PBXFileReference; lastKnownFileType = sourcecode.swift; path = ImagesListPresenterSpy.swift; sourceTree = "<group>"; };
		6C6CD726297A949700154F62 /* ImageFeed.app */ = {isa = PBXFileReference; explicitFileType = wrapper.application; includeInIndex = 0; path = ImageFeed.app; sourceTree = BUILT_PRODUCTS_DIR; };
		6C6CD729297A949700154F62 /* AppDelegate.swift */ = {isa = PBXFileReference; lastKnownFileType = sourcecode.swift; path = AppDelegate.swift; sourceTree = "<group>"; };
		6C6CD72B297A949700154F62 /* SceneDelegate.swift */ = {isa = PBXFileReference; lastKnownFileType = sourcecode.swift; path = SceneDelegate.swift; sourceTree = "<group>"; };
		6C6CD72D297A949700154F62 /* ImagesListViewController.swift */ = {isa = PBXFileReference; lastKnownFileType = sourcecode.swift; path = ImagesListViewController.swift; sourceTree = "<group>"; };
		6C6CD730297A949700154F62 /* Base */ = {isa = PBXFileReference; lastKnownFileType = file.storyboard; name = Base; path = Base.lproj/Main.storyboard; sourceTree = "<group>"; };
		6C6CD732297A949B00154F62 /* Assets.xcassets */ = {isa = PBXFileReference; lastKnownFileType = folder.assetcatalog; path = Assets.xcassets; sourceTree = "<group>"; };
		6C6CD735297A949B00154F62 /* Base */ = {isa = PBXFileReference; lastKnownFileType = file.storyboard; name = Base; path = Base.lproj/LaunchScreen.storyboard; sourceTree = "<group>"; };
		6C6CD737297A949B00154F62 /* Info.plist */ = {isa = PBXFileReference; lastKnownFileType = text.plist.xml; path = Info.plist; sourceTree = "<group>"; };
		6C736C9529ED2D1900C85A16 /* ImagesListPresenter.swift */ = {isa = PBXFileReference; lastKnownFileType = sourcecode.swift; path = ImagesListPresenter.swift; sourceTree = "<group>"; };
		6C736C9729ED306400C85A16 /* ImagesListViewControllerProtocol.swift */ = {isa = PBXFileReference; lastKnownFileType = sourcecode.swift; path = ImagesListViewControllerProtocol.swift; sourceTree = "<group>"; };
		6C77E10C297C217E00A40FAD /* ImagesListCell.swift */ = {isa = PBXFileReference; lastKnownFileType = sourcecode.swift; path = ImagesListCell.swift; sourceTree = "<group>"; };
		6C83FC22297E9AEA002F5DA4 /* SF-Pro.ttf */ = {isa = PBXFileReference; lastKnownFileType = file; path = "SF-Pro.ttf"; sourceTree = "<group>"; };
		6C8D79DE29C0636400CE4218 /* ProfileImageService.swift */ = {isa = PBXFileReference; lastKnownFileType = sourcecode.swift; path = ProfileImageService.swift; sourceTree = "<group>"; };
		6CAC8C5F29BF673100CB0791 /* UIBlockingProgressHUD.swift */ = {isa = PBXFileReference; lastKnownFileType = sourcecode.swift; path = UIBlockingProgressHUD.swift; sourceTree = "<group>"; };
		6CAC8C6129BF70B200CB0791 /* ProfileService.swift */ = {isa = PBXFileReference; lastKnownFileType = sourcecode.swift; path = ProfileService.swift; sourceTree = "<group>"; };
		6CAC8C6429BF729700CB0791 /* ProfileResult.swift */ = {isa = PBXFileReference; lastKnownFileType = sourcecode.swift; path = ProfileResult.swift; sourceTree = "<group>"; };
		6CAC8C6629BF72B900CB0791 /* Profile.swift */ = {isa = PBXFileReference; lastKnownFileType = sourcecode.swift; path = Profile.swift; sourceTree = "<group>"; };
		6CAE901E29F29560005F1636 /* Constants.swift */ = {isa = PBXFileReference; lastKnownFileType = sourcecode.swift; path = Constants.swift; sourceTree = "<group>"; };
		6CB6796529A50B9B00ABEAC2 /* AuthConfiguration.swift */ = {isa = PBXFileReference; lastKnownFileType = sourcecode.swift; path = AuthConfiguration.swift; sourceTree = "<group>"; };
		6CB6796729A51BA400ABEAC2 /* AuthViewController.swift */ = {isa = PBXFileReference; lastKnownFileType = sourcecode.swift; path = AuthViewController.swift; sourceTree = "<group>"; };
		6CC0803029CC7D9B00954C63 /* NetworkError.swift */ = {isa = PBXFileReference; lastKnownFileType = sourcecode.swift; path = NetworkError.swift; sourceTree = "<group>"; };
		6CC0803229CC845000954C63 /* ImagesListCellDelegate.swift */ = {isa = PBXFileReference; lastKnownFileType = sourcecode.swift; path = ImagesListCellDelegate.swift; sourceTree = "<group>"; };
		6CC0803429CC9B5000954C63 /* AlertTwoButtonProvider.swift */ = {isa = PBXFileReference; lastKnownFileType = sourcecode.swift; path = AlertTwoButtonProvider.swift; sourceTree = "<group>"; };
		6CCC7E6C298BEAE30037C464 /* ProfileViewController.swift */ = {isa = PBXFileReference; lastKnownFileType = sourcecode.swift; path = ProfileViewController.swift; sourceTree = "<group>"; };
		6CE71D8629E4406900A3265B /* AuthHelper.swift */ = {isa = PBXFileReference; lastKnownFileType = sourcecode.swift; path = AuthHelper.swift; sourceTree = "<group>"; };
		6CE71D8C29E4440D00A3265B /* ImageFeedTests.xctest */ = {isa = PBXFileReference; explicitFileType = wrapper.cfbundle; includeInIndex = 0; path = ImageFeedTests.xctest; sourceTree = BUILT_PRODUCTS_DIR; };
		6CE71D8E29E4440D00A3265B /* WebViewTests.swift */ = {isa = PBXFileReference; lastKnownFileType = sourcecode.swift; path = WebViewTests.swift; sourceTree = "<group>"; };
		6CE71D9529E4458900A3265B /* WebViewPresenterSpy.swift */ = {isa = PBXFileReference; lastKnownFileType = sourcecode.swift; path = WebViewPresenterSpy.swift; sourceTree = "<group>"; };
		6CE71D9729E446B000A3265B /* WebViewViewControllerSpy.swift */ = {isa = PBXFileReference; lastKnownFileType = sourcecode.swift; path = WebViewViewControllerSpy.swift; sourceTree = "<group>"; };
		6CE71D9D29E4526500A3265B /* ImageFeedUITests.xctest */ = {isa = PBXFileReference; explicitFileType = wrapper.cfbundle; includeInIndex = 0; path = ImageFeedUITests.xctest; sourceTree = BUILT_PRODUCTS_DIR; };
		6CE71D9F29E4526500A3265B /* ImageFeedUITests.swift */ = {isa = PBXFileReference; lastKnownFileType = sourcecode.swift; path = ImageFeedUITests.swift; sourceTree = "<group>"; };
		6CF3615029E54D09004DC859 /* ProfilePresenter.swift */ = {isa = PBXFileReference; lastKnownFileType = sourcecode.swift; path = ProfilePresenter.swift; sourceTree = "<group>"; };
		6CF3615229E54D7D004DC859 /* ProfileViewControllerProtocol.swift */ = {isa = PBXFileReference; lastKnownFileType = sourcecode.swift; path = ProfileViewControllerProtocol.swift; sourceTree = "<group>"; };
		6CF3615429E59ABA004DC859 /* ProfilePresenterSpy.swift */ = {isa = PBXFileReference; lastKnownFileType = sourcecode.swift; path = ProfilePresenterSpy.swift; sourceTree = "<group>"; };
		6CF3615629E5A683004DC859 /* ProfileViewControllerSpy.swift */ = {isa = PBXFileReference; lastKnownFileType = sourcecode.swift; path = ProfileViewControllerSpy.swift; sourceTree = "<group>"; };
		6CF3615829E5A71F004DC859 /* ProfileTests.swift */ = {isa = PBXFileReference; lastKnownFileType = sourcecode.swift; path = ProfileTests.swift; sourceTree = "<group>"; };
		6CF515EB29E0507200CD4B25 /* WebViewViewControllerProtocol.swift */ = {isa = PBXFileReference; lastKnownFileType = sourcecode.swift; path = WebViewViewControllerProtocol.swift; sourceTree = "<group>"; };
		6CF515EF29E0517F00CD4B25 /* WebViewPresenter.swift */ = {isa = PBXFileReference; lastKnownFileType = sourcecode.swift; path = WebViewPresenter.swift; sourceTree = "<group>"; };
/* End PBXFileReference section */

/* Begin PBXFrameworksBuildPhase section */
		6C6CD723297A949700154F62 /* Frameworks */ = {
			isa = PBXFrameworksBuildPhase;
			buildActionMask = 2147483647;
			files = (
				6C38366429CDE6FB00DF3D90 /* ProgressHUD in Frameworks */,
				6C38366129CDE6CF00DF3D90 /* Kingfisher in Frameworks */,
				6C38365E29CDE6AB00DF3D90 /* SwiftKeychainWrapper in Frameworks */,
			);
			runOnlyForDeploymentPostprocessing = 0;
		};
		6CE71D8929E4440D00A3265B /* Frameworks */ = {
			isa = PBXFrameworksBuildPhase;
			buildActionMask = 2147483647;
			files = (
			);
			runOnlyForDeploymentPostprocessing = 0;
		};
		6CE71D9A29E4526500A3265B /* Frameworks */ = {
			isa = PBXFrameworksBuildPhase;
			buildActionMask = 2147483647;
			files = (
			);
			runOnlyForDeploymentPostprocessing = 0;
		};
/* End PBXFrameworksBuildPhase section */

/* Begin PBXGroup section */
		6C0911E0299264EC0098FE0F /* SingleImage */ = {
			isa = PBXGroup;
			children = (
				6C0911DE299264D60098FE0F /* SingleImageViewController.swift */,
			);
			path = SingleImage;
			sourceTree = "<group>";
		};
		6C0AB9F429C1A21B00CA8261 /* TabBar */ = {
			isa = PBXGroup;
			children = (
				6C0AB9F229C1A21400CA8261 /* TabBarController.swift */,
			);
			path = TabBar;
			sourceTree = "<group>";
		};
		6C3916E829A64F11007637B2 /* Splash */ = {
			isa = PBXGroup;
			children = (
				6C3916E629A64EFD007637B2 /* SplashViewController.swift */,
			);
			path = Splash;
			sourceTree = "<group>";
		};
		6C3916EB29A66897007637B2 /* Services */ = {
			isa = PBXGroup;
			children = (
				6C3916EC29A668BF007637B2 /* OAuth2 */,
				6CAC8C6329BF727800CB0791 /* ProfileService */,
				6C8D79E029C0636B00CE4218 /* ProfileImageService */,
				6C469E0129C9F0CE00CF183D /* ImagesListService */,
				6CC0803029CC7D9B00954C63 /* NetworkError.swift */,
			);
			path = Services;
			sourceTree = "<group>";
		};
		6C3916EC29A668BF007637B2 /* OAuth2 */ = {
			isa = PBXGroup;
			children = (
				6C3916E029A62C54007637B2 /* AuthTokenResponseBody.swift */,
				6C3916E229A62DBC007637B2 /* OAuth2Service.swift */,
				6C3916E429A645B0007637B2 /* OAuth2TokenStorage.swift */,
			);
			path = OAuth2;
			sourceTree = "<group>";
		};
		6C469E0129C9F0CE00CF183D /* ImagesListService */ = {
			isa = PBXGroup;
			children = (
				6C469DFF29C9F0C200CF183D /* ImagesListService.swift */,
				6C469E0229C9F16200CF183D /* Photo.swift */,
				6C469E0429C9F50900CF183D /* PhotoResult.swift */,
			);
			path = ImagesListService;
			sourceTree = "<group>";
		};
		6C6CD71D297A949700154F62 = {
			isa = PBXGroup;
			children = (
				6C6CD728297A949700154F62 /* ImageFeed */,
				6CE71D8D29E4440D00A3265B /* ImageFeedTests */,
				6CE71D9E29E4526500A3265B /* ImageFeedUITests */,
				6C6CD727297A949700154F62 /* Products */,
			);
			sourceTree = "<group>";
		};
		6C6CD727297A949700154F62 /* Products */ = {
			isa = PBXGroup;
			children = (
				6C6CD726297A949700154F62 /* ImageFeed.app */,
				6CE71D8C29E4440D00A3265B /* ImageFeedTests.xctest */,
				6CE71D9D29E4526500A3265B /* ImageFeedUITests.xctest */,
			);
			name = Products;
			sourceTree = "<group>";
		};
		6C6CD728297A949700154F62 /* ImageFeed */ = {
			isa = PBXGroup;
			children = (
				6C6CD729297A949700154F62 /* AppDelegate.swift */,
				6C6CD72B297A949700154F62 /* SceneDelegate.swift */,
				6CAC8C5F29BF673100CB0791 /* UIBlockingProgressHUD.swift */,
				6C1AF9FC29C08A0E000DBF9B /* Extensions.swift */,
				6C6F341129DD9D6000345D83 /* Alerts */,
				6C3916EB29A66897007637B2 /* Services */,
				6CB6796929A51BC800ABEAC2 /* Auth */,
				6C77E10E297C224100A40FAD /* ImagesList */,
				6CCC7E6E298BEAFB0037C464 /* Profile */,
				6C0911E0299264EC0098FE0F /* SingleImage */,
				6C3916E829A64F11007637B2 /* Splash */,
				6C0AB9F429C1A21B00CA8261 /* TabBar */,
				6C700578297AAD9300557C5D /* Resources */,
				6C6CD72F297A949700154F62 /* Main.storyboard */,
			);
			path = ImageFeed;
			sourceTree = "<group>";
		};
		6C6F341129DD9D6000345D83 /* Alerts */ = {
			isa = PBXGroup;
			children = (
				6C1AF9FE29C096D0000DBF9B /* AlertOkButtonProvider.swift */,
				6CC0803429CC9B5000954C63 /* AlertTwoButtonProvider.swift */,
			);
			path = Alerts;
			sourceTree = "<group>";
		};
		6C700578297AAD9300557C5D /* Resources */ = {
			isa = PBXGroup;
			children = (
				6C6CD732297A949B00154F62 /* Assets.xcassets */,
				6C6CD734297A949B00154F62 /* LaunchScreen.storyboard */,
				6C6CD737297A949B00154F62 /* Info.plist */,
				6C83FC25297E9B02002F5DA4 /* Fonts */,
			);
			path = Resources;
			sourceTree = "<group>";
		};
		6C77E10E297C224100A40FAD /* ImagesList */ = {
			isa = PBXGroup;
			children = (
				6C6CD72D297A949700154F62 /* ImagesListViewController.swift */,
				6C77E10C297C217E00A40FAD /* ImagesListCell.swift */,
				6CC0803229CC845000954C63 /* ImagesListCellDelegate.swift */,
				6C736C9529ED2D1900C85A16 /* ImagesListPresenter.swift */,
				6C736C9729ED306400C85A16 /* ImagesListViewControllerProtocol.swift */,
			);
			path = ImagesList;
			sourceTree = "<group>";
		};
		6C83FC25297E9B02002F5DA4 /* Fonts */ = {
			isa = PBXGroup;
			children = (
				6C83FC22297E9AEA002F5DA4 /* SF-Pro.ttf */,
			);
			path = Fonts;
			sourceTree = "<group>";
		};
		6C8D79E029C0636B00CE4218 /* ProfileImageService */ = {
			isa = PBXGroup;
			children = (
				6C8D79DE29C0636400CE4218 /* ProfileImageService.swift */,
				6C1AF9FA29C065E6000DBF9B /* UserResult.swift */,
			);
			path = ProfileImageService;
			sourceTree = "<group>";
		};
		6CAC8C6329BF727800CB0791 /* ProfileService */ = {
			isa = PBXGroup;
			children = (
				6CAC8C6129BF70B200CB0791 /* ProfileService.swift */,
				6CAC8C6429BF729700CB0791 /* ProfileResult.swift */,
				6CAC8C6629BF72B900CB0791 /* Profile.swift */,
			);
			path = ProfileService;
			sourceTree = "<group>";
		};
		6CB6796929A51BC800ABEAC2 /* Auth */ = {
			isa = PBXGroup;
			children = (
				6CB6796529A50B9B00ABEAC2 /* AuthConfiguration.swift */,
				6CE71D8629E4406900A3265B /* AuthHelper.swift */,
				6CB6796729A51BA400ABEAC2 /* AuthViewController.swift */,
				6C3916DC29A5FA5A007637B2 /* WebViewViewController.swift */,
				6C3916DE29A614D3007637B2 /* WebViewViewContrlollerDelegate.swift */,
				6C3916E929A65302007637B2 /* AuthViewControllerDelegate.swift */,
				6CF515EB29E0507200CD4B25 /* WebViewViewControllerProtocol.swift */,
				6CF515EF29E0517F00CD4B25 /* WebViewPresenter.swift */,
			);
			path = Auth;
			sourceTree = "<group>";
		};
		6CCC7E6E298BEAFB0037C464 /* Profile */ = {
			isa = PBXGroup;
			children = (
				6CCC7E6C298BEAE30037C464 /* ProfileViewController.swift */,
				6CF3615029E54D09004DC859 /* ProfilePresenter.swift */,
				6CF3615229E54D7D004DC859 /* ProfileViewControllerProtocol.swift */,
			);
			path = Profile;
			sourceTree = "<group>";
		};
		6CE71D8D29E4440D00A3265B /* ImageFeedTests */ = {
			isa = PBXGroup;
			children = (
				6CE71D8E29E4440D00A3265B /* WebViewTests.swift */,
				6CE71D9729E446B000A3265B /* WebViewViewControllerSpy.swift */,
				6CE71D9529E4458900A3265B /* WebViewPresenterSpy.swift */,
				6CF3615829E5A71F004DC859 /* ProfileTests.swift */,
				6CF3615629E5A683004DC859 /* ProfileViewControllerSpy.swift */,
				6CF3615429E59ABA004DC859 /* ProfilePresenterSpy.swift */,
				6C51307529EEA7AD0037B2AC /* ImagesListTests.swift */,
				6C51307729EEA81E0037B2AC /* ImagesListPresenterSpy.swift */,
			);
			path = ImageFeedTests;
			sourceTree = "<group>";
		};
		6CE71D9E29E4526500A3265B /* ImageFeedUITests */ = {
			isa = PBXGroup;
			children = (
				6CAE901E29F29560005F1636 /* Constants.swift */,
				6CE71D9F29E4526500A3265B /* ImageFeedUITests.swift */,
			);
			path = ImageFeedUITests;
			sourceTree = "<group>";
		};
/* End PBXGroup section */

/* Begin PBXNativeTarget section */
		6C6CD725297A949700154F62 /* ImageFeed */ = {
			isa = PBXNativeTarget;
			buildConfigurationList = 6C6CD73A297A949B00154F62 /* Build configuration list for PBXNativeTarget "ImageFeed" */;
			buildPhases = (
				6C6CD722297A949700154F62 /* Sources */,
				6C6CD723297A949700154F62 /* Frameworks */,
				6C6CD724297A949700154F62 /* Resources */,
			);
			buildRules = (
			);
			dependencies = (
			);
			name = ImageFeed;
			packageProductDependencies = (
				6C38365D29CDE6AB00DF3D90 /* SwiftKeychainWrapper */,
				6C38366029CDE6CF00DF3D90 /* Kingfisher */,
				6C38366329CDE6FB00DF3D90 /* ProgressHUD */,
			);
			productName = ImageFeed;
			productReference = 6C6CD726297A949700154F62 /* ImageFeed.app */;
			productType = "com.apple.product-type.application";
		};
		6CE71D8B29E4440D00A3265B /* ImageFeedTests */ = {
			isa = PBXNativeTarget;
			buildConfigurationList = 6CE71D9229E4440D00A3265B /* Build configuration list for PBXNativeTarget "ImageFeedTests" */;
			buildPhases = (
				6CE71D8829E4440D00A3265B /* Sources */,
				6CE71D8929E4440D00A3265B /* Frameworks */,
				6CE71D8A29E4440D00A3265B /* Resources */,
			);
			buildRules = (
			);
			dependencies = (
				6CE71D9129E4440D00A3265B /* PBXTargetDependency */,
			);
			name = ImageFeedTests;
			productName = ImageFeedTests;
			productReference = 6CE71D8C29E4440D00A3265B /* ImageFeedTests.xctest */;
			productType = "com.apple.product-type.bundle.unit-test";
		};
		6CE71D9C29E4526500A3265B /* ImageFeedUITests */ = {
			isa = PBXNativeTarget;
			buildConfigurationList = 6CE71DA529E4526600A3265B /* Build configuration list for PBXNativeTarget "ImageFeedUITests" */;
			buildPhases = (
				6CE71D9929E4526500A3265B /* Sources */,
				6CE71D9A29E4526500A3265B /* Frameworks */,
				6CE71D9B29E4526500A3265B /* Resources */,
			);
			buildRules = (
			);
			dependencies = (
				6CE71DA429E4526500A3265B /* PBXTargetDependency */,
			);
			name = ImageFeedUITests;
			productName = ImageFeedUITests;
			productReference = 6CE71D9D29E4526500A3265B /* ImageFeedUITests.xctest */;
			productType = "com.apple.product-type.bundle.ui-testing";
		};
/* End PBXNativeTarget section */

/* Begin PBXProject section */
		6C6CD71E297A949700154F62 /* Project object */ = {
			isa = PBXProject;
			attributes = {
				BuildIndependentTargetsInParallel = 1;
				LastSwiftUpdateCheck = 1420;
				LastUpgradeCheck = 1420;
				TargetAttributes = {
					6C6CD725297A949700154F62 = {
						CreatedOnToolsVersion = 14.2;
					};
					6CE71D8B29E4440D00A3265B = {
						CreatedOnToolsVersion = 14.2;
						TestTargetID = 6C6CD725297A949700154F62;
					};
					6CE71D9C29E4526500A3265B = {
						CreatedOnToolsVersion = 14.2;
						TestTargetID = 6C6CD725297A949700154F62;
					};
				};
			};
			buildConfigurationList = 6C6CD721297A949700154F62 /* Build configuration list for PBXProject "ImageFeed" */;
			compatibilityVersion = "Xcode 14.0";
			developmentRegion = en;
			hasScannedForEncodings = 0;
			knownRegions = (
				en,
				Base,
			);
			mainGroup = 6C6CD71D297A949700154F62;
			packageReferences = (
				6C38365C29CDE6AB00DF3D90 /* XCRemoteSwiftPackageReference "SwiftKeychainWrapper" */,
				6C38365F29CDE6CF00DF3D90 /* XCRemoteSwiftPackageReference "Kingfisher" */,
				6C38366229CDE6FB00DF3D90 /* XCRemoteSwiftPackageReference "ProgressHUD" */,
			);
			productRefGroup = 6C6CD727297A949700154F62 /* Products */;
			projectDirPath = "";
			projectRoot = "";
			targets = (
				6C6CD725297A949700154F62 /* ImageFeed */,
				6CE71D8B29E4440D00A3265B /* ImageFeedTests */,
				6CE71D9C29E4526500A3265B /* ImageFeedUITests */,
			);
		};
/* End PBXProject section */

/* Begin PBXResourcesBuildPhase section */
		6C6CD724297A949700154F62 /* Resources */ = {
			isa = PBXResourcesBuildPhase;
			buildActionMask = 2147483647;
			files = (
				6C6CD736297A949B00154F62 /* LaunchScreen.storyboard in Resources */,
				6C6CD733297A949B00154F62 /* Assets.xcassets in Resources */,
				6C6CD731297A949700154F62 /* Main.storyboard in Resources */,
				6C83FC24297E9AEA002F5DA4 /* SF-Pro.ttf in Resources */,
			);
			runOnlyForDeploymentPostprocessing = 0;
		};
		6CE71D8A29E4440D00A3265B /* Resources */ = {
			isa = PBXResourcesBuildPhase;
			buildActionMask = 2147483647;
			files = (
			);
			runOnlyForDeploymentPostprocessing = 0;
		};
		6CE71D9B29E4526500A3265B /* Resources */ = {
			isa = PBXResourcesBuildPhase;
			buildActionMask = 2147483647;
			files = (
			);
			runOnlyForDeploymentPostprocessing = 0;
		};
/* End PBXResourcesBuildPhase section */

/* Begin PBXSourcesBuildPhase section */
		6C6CD722297A949700154F62 /* Sources */ = {
			isa = PBXSourcesBuildPhase;
			buildActionMask = 2147483647;
			files = (
				6C469E0029C9F0C200CF183D /* ImagesListService.swift in Sources */,
				6CF3615329E54D7D004DC859 /* ProfileViewControllerProtocol.swift in Sources */,
				6CC0803129CC7D9B00954C63 /* NetworkError.swift in Sources */,
				6CF515F029E0517F00CD4B25 /* WebViewPresenter.swift in Sources */,
				6C3916DF29A614D3007637B2 /* WebViewViewContrlollerDelegate.swift in Sources */,
				6C6CD72E297A949700154F62 /* ImagesListViewController.swift in Sources */,
				6C3916E329A62DBC007637B2 /* OAuth2Service.swift in Sources */,
				6CAC8C6029BF673100CB0791 /* UIBlockingProgressHUD.swift in Sources */,
				6C77E10D297C217E00A40FAD /* ImagesListCell.swift in Sources */,
				6C469E0529C9F50900CF183D /* PhotoResult.swift in Sources */,
				6C469E0329C9F16200CF183D /* Photo.swift in Sources */,
				6CF3615129E54D09004DC859 /* ProfilePresenter.swift in Sources */,
				6C1AF9FB29C065E6000DBF9B /* UserResult.swift in Sources */,
				6C3916E129A62C54007637B2 /* AuthTokenResponseBody.swift in Sources */,
				6C736C9829ED306400C85A16 /* ImagesListViewControllerProtocol.swift in Sources */,
				6CF515EC29E0507200CD4B25 /* WebViewViewControllerProtocol.swift in Sources */,
				6C3916E729A64EFD007637B2 /* SplashViewController.swift in Sources */,
				6CAC8C6229BF70B200CB0791 /* ProfileService.swift in Sources */,
				6C0AB9F329C1A21400CA8261 /* TabBarController.swift in Sources */,
				6CC0803329CC845000954C63 /* ImagesListCellDelegate.swift in Sources */,
				6C1AF9FD29C08A0E000DBF9B /* Extensions.swift in Sources */,
				6CCC7E6D298BEAE30037C464 /* ProfileViewController.swift in Sources */,
				6C1AF9FF29C096D0000DBF9B /* AlertOkButtonProvider.swift in Sources */,
				6C6CD72A297A949700154F62 /* AppDelegate.swift in Sources */,
				6CB6796829A51BA400ABEAC2 /* AuthViewController.swift in Sources */,
				6CB6796629A50B9B00ABEAC2 /* AuthConfiguration.swift in Sources */,
				6C3916EA29A65302007637B2 /* AuthViewControllerDelegate.swift in Sources */,
				6CC0803529CC9B5000954C63 /* AlertTwoButtonProvider.swift in Sources */,
				6C0911DF299264D60098FE0F /* SingleImageViewController.swift in Sources */,
				6C3916DD29A5FA5A007637B2 /* WebViewViewController.swift in Sources */,
				6C3916E529A645B0007637B2 /* OAuth2TokenStorage.swift in Sources */,
				6CAC8C6729BF72B900CB0791 /* Profile.swift in Sources */,
				6CE71D8729E4406900A3265B /* AuthHelper.swift in Sources */,
				6C8D79DF29C0636400CE4218 /* ProfileImageService.swift in Sources */,
				6CAC8C6529BF729700CB0791 /* ProfileResult.swift in Sources */,
				6C736C9629ED2D1900C85A16 /* ImagesListPresenter.swift in Sources */,
				6C6CD72C297A949700154F62 /* SceneDelegate.swift in Sources */,
			);
			runOnlyForDeploymentPostprocessing = 0;
		};
		6CE71D8829E4440D00A3265B /* Sources */ = {
			isa = PBXSourcesBuildPhase;
			buildActionMask = 2147483647;
			files = (
				6CE71D8F29E4440D00A3265B /* WebViewTests.swift in Sources */,
				6CF3615529E59ABA004DC859 /* ProfilePresenterSpy.swift in Sources */,
				6CE71D9829E446B000A3265B /* WebViewViewControllerSpy.swift in Sources */,
				6CF3615929E5A71F004DC859 /* ProfileTests.swift in Sources */,
				6C51307629EEA7AD0037B2AC /* ImagesListTests.swift in Sources */,
				6C51307829EEA81E0037B2AC /* ImagesListPresenterSpy.swift in Sources */,
				6CE71D9629E4458900A3265B /* WebViewPresenterSpy.swift in Sources */,
				6CF3615729E5A683004DC859 /* ProfileViewControllerSpy.swift in Sources */,
			);
			runOnlyForDeploymentPostprocessing = 0;
		};
		6CE71D9929E4526500A3265B /* Sources */ = {
			isa = PBXSourcesBuildPhase;
			buildActionMask = 2147483647;
			files = (
				6CE71DA029E4526500A3265B /* ImageFeedUITests.swift in Sources */,
				6CAE902029F29668005F1636 /* Constants.swift in Sources */,
			);
			runOnlyForDeploymentPostprocessing = 0;
		};
/* End PBXSourcesBuildPhase section */

/* Begin PBXTargetDependency section */
		6CE71D9129E4440D00A3265B /* PBXTargetDependency */ = {
			isa = PBXTargetDependency;
			target = 6C6CD725297A949700154F62 /* ImageFeed */;
			targetProxy = 6CE71D9029E4440D00A3265B /* PBXContainerItemProxy */;
		};
		6CE71DA429E4526500A3265B /* PBXTargetDependency */ = {
			isa = PBXTargetDependency;
			target = 6C6CD725297A949700154F62 /* ImageFeed */;
			targetProxy = 6CE71DA329E4526500A3265B /* PBXContainerItemProxy */;
		};
/* End PBXTargetDependency section */

/* Begin PBXVariantGroup section */
		6C6CD72F297A949700154F62 /* Main.storyboard */ = {
			isa = PBXVariantGroup;
			children = (
				6C6CD730297A949700154F62 /* Base */,
			);
			name = Main.storyboard;
			sourceTree = "<group>";
		};
		6C6CD734297A949B00154F62 /* LaunchScreen.storyboard */ = {
			isa = PBXVariantGroup;
			children = (
				6C6CD735297A949B00154F62 /* Base */,
			);
			name = LaunchScreen.storyboard;
			sourceTree = "<group>";
		};
/* End PBXVariantGroup section */

/* Begin XCBuildConfiguration section */
		6C6CD738297A949B00154F62 /* Debug */ = {
			isa = XCBuildConfiguration;
			buildSettings = {
				ALWAYS_SEARCH_USER_PATHS = NO;
				CLANG_ANALYZER_NONNULL = YES;
				CLANG_ANALYZER_NUMBER_OBJECT_CONVERSION = YES_AGGRESSIVE;
				CLANG_CXX_LANGUAGE_STANDARD = "gnu++20";
				CLANG_ENABLE_MODULES = YES;
				CLANG_ENABLE_OBJC_ARC = YES;
				CLANG_ENABLE_OBJC_WEAK = YES;
				CLANG_WARN_BLOCK_CAPTURE_AUTORELEASING = YES;
				CLANG_WARN_BOOL_CONVERSION = YES;
				CLANG_WARN_COMMA = YES;
				CLANG_WARN_CONSTANT_CONVERSION = YES;
				CLANG_WARN_DEPRECATED_OBJC_IMPLEMENTATIONS = YES;
				CLANG_WARN_DIRECT_OBJC_ISA_USAGE = YES_ERROR;
				CLANG_WARN_DOCUMENTATION_COMMENTS = YES;
				CLANG_WARN_EMPTY_BODY = YES;
				CLANG_WARN_ENUM_CONVERSION = YES;
				CLANG_WARN_INFINITE_RECURSION = YES;
				CLANG_WARN_INT_CONVERSION = YES;
				CLANG_WARN_NON_LITERAL_NULL_CONVERSION = YES;
				CLANG_WARN_OBJC_IMPLICIT_RETAIN_SELF = YES;
				CLANG_WARN_OBJC_LITERAL_CONVERSION = YES;
				CLANG_WARN_OBJC_ROOT_CLASS = YES_ERROR;
				CLANG_WARN_QUOTED_INCLUDE_IN_FRAMEWORK_HEADER = YES;
				CLANG_WARN_RANGE_LOOP_ANALYSIS = YES;
				CLANG_WARN_STRICT_PROTOTYPES = YES;
				CLANG_WARN_SUSPICIOUS_MOVE = YES;
				CLANG_WARN_UNGUARDED_AVAILABILITY = YES_AGGRESSIVE;
				CLANG_WARN_UNREACHABLE_CODE = YES;
				CLANG_WARN__DUPLICATE_METHOD_MATCH = YES;
				COPY_PHASE_STRIP = NO;
				DEBUG_INFORMATION_FORMAT = dwarf;
				ENABLE_STRICT_OBJC_MSGSEND = YES;
				ENABLE_TESTABILITY = YES;
				GCC_C_LANGUAGE_STANDARD = gnu11;
				GCC_DYNAMIC_NO_PIC = NO;
				GCC_NO_COMMON_BLOCKS = YES;
				GCC_OPTIMIZATION_LEVEL = 0;
				GCC_PREPROCESSOR_DEFINITIONS = (
					"DEBUG=1",
					"$(inherited)",
				);
				GCC_WARN_64_TO_32_BIT_CONVERSION = YES;
				GCC_WARN_ABOUT_RETURN_TYPE = YES_ERROR;
				GCC_WARN_UNDECLARED_SELECTOR = YES;
				GCC_WARN_UNINITIALIZED_AUTOS = YES_AGGRESSIVE;
				GCC_WARN_UNUSED_FUNCTION = YES;
				GCC_WARN_UNUSED_VARIABLE = YES;
				IPHONEOS_DEPLOYMENT_TARGET = 13.0;
				MTL_ENABLE_DEBUG_INFO = INCLUDE_SOURCE;
				MTL_FAST_MATH = YES;
				ONLY_ACTIVE_ARCH = YES;
				SDKROOT = iphoneos;
				SWIFT_ACTIVE_COMPILATION_CONDITIONS = DEBUG;
				SWIFT_OPTIMIZATION_LEVEL = "-Onone";
			};
			name = Debug;
		};
		6C6CD739297A949B00154F62 /* Release */ = {
			isa = XCBuildConfiguration;
			buildSettings = {
				ALWAYS_SEARCH_USER_PATHS = NO;
				CLANG_ANALYZER_NONNULL = YES;
				CLANG_ANALYZER_NUMBER_OBJECT_CONVERSION = YES_AGGRESSIVE;
				CLANG_CXX_LANGUAGE_STANDARD = "gnu++20";
				CLANG_ENABLE_MODULES = YES;
				CLANG_ENABLE_OBJC_ARC = YES;
				CLANG_ENABLE_OBJC_WEAK = YES;
				CLANG_WARN_BLOCK_CAPTURE_AUTORELEASING = YES;
				CLANG_WARN_BOOL_CONVERSION = YES;
				CLANG_WARN_COMMA = YES;
				CLANG_WARN_CONSTANT_CONVERSION = YES;
				CLANG_WARN_DEPRECATED_OBJC_IMPLEMENTATIONS = YES;
				CLANG_WARN_DIRECT_OBJC_ISA_USAGE = YES_ERROR;
				CLANG_WARN_DOCUMENTATION_COMMENTS = YES;
				CLANG_WARN_EMPTY_BODY = YES;
				CLANG_WARN_ENUM_CONVERSION = YES;
				CLANG_WARN_INFINITE_RECURSION = YES;
				CLANG_WARN_INT_CONVERSION = YES;
				CLANG_WARN_NON_LITERAL_NULL_CONVERSION = YES;
				CLANG_WARN_OBJC_IMPLICIT_RETAIN_SELF = YES;
				CLANG_WARN_OBJC_LITERAL_CONVERSION = YES;
				CLANG_WARN_OBJC_ROOT_CLASS = YES_ERROR;
				CLANG_WARN_QUOTED_INCLUDE_IN_FRAMEWORK_HEADER = YES;
				CLANG_WARN_RANGE_LOOP_ANALYSIS = YES;
				CLANG_WARN_STRICT_PROTOTYPES = YES;
				CLANG_WARN_SUSPICIOUS_MOVE = YES;
				CLANG_WARN_UNGUARDED_AVAILABILITY = YES_AGGRESSIVE;
				CLANG_WARN_UNREACHABLE_CODE = YES;
				CLANG_WARN__DUPLICATE_METHOD_MATCH = YES;
				COPY_PHASE_STRIP = NO;
				DEBUG_INFORMATION_FORMAT = "dwarf-with-dsym";
				ENABLE_NS_ASSERTIONS = NO;
				ENABLE_STRICT_OBJC_MSGSEND = YES;
				GCC_C_LANGUAGE_STANDARD = gnu11;
				GCC_NO_COMMON_BLOCKS = YES;
				GCC_WARN_64_TO_32_BIT_CONVERSION = YES;
				GCC_WARN_ABOUT_RETURN_TYPE = YES_ERROR;
				GCC_WARN_UNDECLARED_SELECTOR = YES;
				GCC_WARN_UNINITIALIZED_AUTOS = YES_AGGRESSIVE;
				GCC_WARN_UNUSED_FUNCTION = YES;
				GCC_WARN_UNUSED_VARIABLE = YES;
				IPHONEOS_DEPLOYMENT_TARGET = 13.0;
				MTL_ENABLE_DEBUG_INFO = NO;
				MTL_FAST_MATH = YES;
				SDKROOT = iphoneos;
				SWIFT_COMPILATION_MODE = wholemodule;
				SWIFT_OPTIMIZATION_LEVEL = "-O";
				VALIDATE_PRODUCT = YES;
			};
			name = Release;
		};
		6C6CD73B297A949B00154F62 /* Debug */ = {
			isa = XCBuildConfiguration;
			buildSettings = {
				ASSETCATALOG_COMPILER_APPICON_NAME = AppIcon;
				ASSETCATALOG_COMPILER_GLOBAL_ACCENT_COLOR_NAME = AccentColor;
				CODE_SIGN_STYLE = Automatic;
				CURRENT_PROJECT_VERSION = 1;
				DEVELOPMENT_TEAM = F5UR5Q4TK2;
				GENERATE_INFOPLIST_FILE = YES;
				INFOPLIST_FILE = ImageFeed/Resources/Info.plist;
				INFOPLIST_KEY_UIApplicationSupportsIndirectInputEvents = YES;
				INFOPLIST_KEY_UILaunchStoryboardName = LaunchScreen;
				INFOPLIST_KEY_UIMainStoryboardFile = Main;
				INFOPLIST_KEY_UIStatusBarStyle = UIStatusBarStyleLightContent;
				INFOPLIST_KEY_UISupportedInterfaceOrientations = UIInterfaceOrientationPortrait;
				INFOPLIST_KEY_UISupportedInterfaceOrientations_iPad = "UIInterfaceOrientationLandscapeLeft UIInterfaceOrientationLandscapeRight UIInterfaceOrientationPortrait UIInterfaceOrientationPortraitUpsideDown";
				IPHONEOS_DEPLOYMENT_TARGET = 13.0;
				LD_RUNPATH_SEARCH_PATHS = (
					"$(inherited)",
					"@executable_path/Frameworks",
				);
				MARKETING_VERSION = 1.0;
				PRODUCT_BUNDLE_IDENTIFIER = xyz.toxarey.ImageFeed;
				PRODUCT_NAME = "$(TARGET_NAME)";
				SUPPORTED_PLATFORMS = "iphoneos iphonesimulator";
				SUPPORTS_MACCATALYST = NO;
				SUPPORTS_MAC_DESIGNED_FOR_IPHONE_IPAD = NO;
				SWIFT_EMIT_LOC_STRINGS = YES;
				SWIFT_VERSION = 5.0;
				TARGETED_DEVICE_FAMILY = 1;
			};
			name = Debug;
		};
		6C6CD73C297A949B00154F62 /* Release */ = {
			isa = XCBuildConfiguration;
			buildSettings = {
				ASSETCATALOG_COMPILER_APPICON_NAME = AppIcon;
				ASSETCATALOG_COMPILER_GLOBAL_ACCENT_COLOR_NAME = AccentColor;
				CODE_SIGN_STYLE = Automatic;
				CURRENT_PROJECT_VERSION = 1;
				DEVELOPMENT_TEAM = F5UR5Q4TK2;
				GENERATE_INFOPLIST_FILE = YES;
				INFOPLIST_FILE = ImageFeed/Resources/Info.plist;
				INFOPLIST_KEY_UIApplicationSupportsIndirectInputEvents = YES;
				INFOPLIST_KEY_UILaunchStoryboardName = LaunchScreen;
				INFOPLIST_KEY_UIMainStoryboardFile = Main;
				INFOPLIST_KEY_UIStatusBarStyle = UIStatusBarStyleLightContent;
				INFOPLIST_KEY_UISupportedInterfaceOrientations = UIInterfaceOrientationPortrait;
				INFOPLIST_KEY_UISupportedInterfaceOrientations_iPad = "UIInterfaceOrientationLandscapeLeft UIInterfaceOrientationLandscapeRight UIInterfaceOrientationPortrait UIInterfaceOrientationPortraitUpsideDown";
				IPHONEOS_DEPLOYMENT_TARGET = 13.0;
				LD_RUNPATH_SEARCH_PATHS = (
					"$(inherited)",
					"@executable_path/Frameworks",
				);
				MARKETING_VERSION = 1.0;
				PRODUCT_BUNDLE_IDENTIFIER = xyz.toxarey.ImageFeed;
				PRODUCT_NAME = "$(TARGET_NAME)";
				SUPPORTED_PLATFORMS = "iphoneos iphonesimulator";
				SUPPORTS_MACCATALYST = NO;
				SUPPORTS_MAC_DESIGNED_FOR_IPHONE_IPAD = NO;
				SWIFT_EMIT_LOC_STRINGS = YES;
				SWIFT_VERSION = 5.0;
				TARGETED_DEVICE_FAMILY = 1;
			};
			name = Release;
		};
		6CE71D9329E4440D00A3265B /* Debug */ = {
			isa = XCBuildConfiguration;
			buildSettings = {
				BUNDLE_LOADER = "$(TEST_HOST)";
				"CODE_SIGN_IDENTITY[sdk=macosx*]" = "Apple Development";
				CODE_SIGN_STYLE = Automatic;
				CURRENT_PROJECT_VERSION = 1;
				DEVELOPMENT_TEAM = F5UR5Q4TK2;
				GENERATE_INFOPLIST_FILE = YES;
				IPHONEOS_DEPLOYMENT_TARGET = 13.0;
				MARKETING_VERSION = 1.0;
				PRODUCT_BUNDLE_IDENTIFIER = xyz.toxarey.ImageFeedTests;
				PRODUCT_NAME = "$(TARGET_NAME)";
				SUPPORTED_PLATFORMS = "iphoneos iphonesimulator";
				SUPPORTS_MACCATALYST = NO;
				SUPPORTS_MAC_DESIGNED_FOR_IPHONE_IPAD = NO;
				SWIFT_EMIT_LOC_STRINGS = NO;
				SWIFT_VERSION = 5.0;
				TARGETED_DEVICE_FAMILY = 1;
				TEST_HOST = "$(BUILT_PRODUCTS_DIR)/ImageFeed.app/$(BUNDLE_EXECUTABLE_FOLDER_PATH)/ImageFeed";
			};
			name = Debug;
		};
		6CE71D9429E4440D00A3265B /* Release */ = {
			isa = XCBuildConfiguration;
			buildSettings = {
				BUNDLE_LOADER = "$(TEST_HOST)";
				"CODE_SIGN_IDENTITY[sdk=macosx*]" = "Apple Development";
				CODE_SIGN_STYLE = Automatic;
				CURRENT_PROJECT_VERSION = 1;
				DEVELOPMENT_TEAM = F5UR5Q4TK2;
				GENERATE_INFOPLIST_FILE = YES;
				IPHONEOS_DEPLOYMENT_TARGET = 13.0;
				MARKETING_VERSION = 1.0;
				PRODUCT_BUNDLE_IDENTIFIER = xyz.toxarey.ImageFeedTests;
				PRODUCT_NAME = "$(TARGET_NAME)";
				SUPPORTED_PLATFORMS = "iphoneos iphonesimulator";
				SUPPORTS_MACCATALYST = NO;
				SUPPORTS_MAC_DESIGNED_FOR_IPHONE_IPAD = NO;
				SWIFT_EMIT_LOC_STRINGS = NO;
				SWIFT_VERSION = 5.0;
				TARGETED_DEVICE_FAMILY = 1;
				TEST_HOST = "$(BUILT_PRODUCTS_DIR)/ImageFeed.app/$(BUNDLE_EXECUTABLE_FOLDER_PATH)/ImageFeed";
			};
			name = Release;
		};
		6CE71DA629E4526600A3265B /* Debug */ = {
			isa = XCBuildConfiguration;
			buildSettings = {
				CODE_SIGN_STYLE = Automatic;
				CURRENT_PROJECT_VERSION = 1;
				DEVELOPMENT_TEAM = F5UR5Q4TK2;
				GENERATE_INFOPLIST_FILE = YES;
				IPHONEOS_DEPLOYMENT_TARGET = 13.0;
				MARKETING_VERSION = 1.0;
				PRODUCT_BUNDLE_IDENTIFIER = xyz.toxarey.ImageFeedUITests;
				PRODUCT_NAME = "$(TARGET_NAME)";
				SWIFT_EMIT_LOC_STRINGS = NO;
				SWIFT_VERSION = 5.0;
				TARGETED_DEVICE_FAMILY = "1,2";
				TEST_TARGET_NAME = ImageFeed;
			};
			name = Debug;
		};
		6CE71DA729E4526600A3265B /* Release */ = {
			isa = XCBuildConfiguration;
			buildSettings = {
				CODE_SIGN_STYLE = Automatic;
				CURRENT_PROJECT_VERSION = 1;
				DEVELOPMENT_TEAM = F5UR5Q4TK2;
				GENERATE_INFOPLIST_FILE = YES;
				IPHONEOS_DEPLOYMENT_TARGET = 13.0;
				MARKETING_VERSION = 1.0;
				PRODUCT_BUNDLE_IDENTIFIER = xyz.toxarey.ImageFeedUITests;
				PRODUCT_NAME = "$(TARGET_NAME)";
				SWIFT_EMIT_LOC_STRINGS = NO;
				SWIFT_VERSION = 5.0;
				TARGETED_DEVICE_FAMILY = "1,2";
				TEST_TARGET_NAME = ImageFeed;
			};
			name = Release;
		};
/* End XCBuildConfiguration section */

/* Begin XCConfigurationList section */
		6C6CD721297A949700154F62 /* Build configuration list for PBXProject "ImageFeed" */ = {
			isa = XCConfigurationList;
			buildConfigurations = (
				6C6CD738297A949B00154F62 /* Debug */,
				6C6CD739297A949B00154F62 /* Release */,
			);
			defaultConfigurationIsVisible = 0;
			defaultConfigurationName = Release;
		};
		6C6CD73A297A949B00154F62 /* Build configuration list for PBXNativeTarget "ImageFeed" */ = {
			isa = XCConfigurationList;
			buildConfigurations = (
				6C6CD73B297A949B00154F62 /* Debug */,
				6C6CD73C297A949B00154F62 /* Release */,
			);
			defaultConfigurationIsVisible = 0;
			defaultConfigurationName = Release;
		};
		6CE71D9229E4440D00A3265B /* Build configuration list for PBXNativeTarget "ImageFeedTests" */ = {
			isa = XCConfigurationList;
			buildConfigurations = (
				6CE71D9329E4440D00A3265B /* Debug */,
				6CE71D9429E4440D00A3265B /* Release */,
			);
			defaultConfigurationIsVisible = 0;
			defaultConfigurationName = Release;
		};
		6CE71DA529E4526600A3265B /* Build configuration list for PBXNativeTarget "ImageFeedUITests" */ = {
			isa = XCConfigurationList;
			buildConfigurations = (
				6CE71DA629E4526600A3265B /* Debug */,
				6CE71DA729E4526600A3265B /* Release */,
			);
			defaultConfigurationIsVisible = 0;
			defaultConfigurationName = Release;
		};
/* End XCConfigurationList section */

/* Begin XCRemoteSwiftPackageReference section */
		6C38365C29CDE6AB00DF3D90 /* XCRemoteSwiftPackageReference "SwiftKeychainWrapper" */ = {
			isa = XCRemoteSwiftPackageReference;
			repositoryURL = "https://github.com/jrendel/SwiftKeychainWrapper";
			requirement = {
				kind = exactVersion;
				version = 4.0.1;
			};
		};
		6C38365F29CDE6CF00DF3D90 /* XCRemoteSwiftPackageReference "Kingfisher" */ = {
			isa = XCRemoteSwiftPackageReference;
			repositoryURL = "https://github.com/onevcat/Kingfisher.git";
			requirement = {
				kind = exactVersion;
				version = 7.6.2;
			};
		};
		6C38366229CDE6FB00DF3D90 /* XCRemoteSwiftPackageReference "ProgressHUD" */ = {
			isa = XCRemoteSwiftPackageReference;
			repositoryURL = "https://github.com/relatedcode/ProgressHUD";
			requirement = {
				kind = exactVersion;
				version = 13.6.2;
			};
		};
/* End XCRemoteSwiftPackageReference section */

/* Begin XCSwiftPackageProductDependency section */
		6C38365D29CDE6AB00DF3D90 /* SwiftKeychainWrapper */ = {
			isa = XCSwiftPackageProductDependency;
			package = 6C38365C29CDE6AB00DF3D90 /* XCRemoteSwiftPackageReference "SwiftKeychainWrapper" */;
			productName = SwiftKeychainWrapper;
		};
		6C38366029CDE6CF00DF3D90 /* Kingfisher */ = {
			isa = XCSwiftPackageProductDependency;
			package = 6C38365F29CDE6CF00DF3D90 /* XCRemoteSwiftPackageReference "Kingfisher" */;
			productName = Kingfisher;
		};
		6C38366329CDE6FB00DF3D90 /* ProgressHUD */ = {
			isa = XCSwiftPackageProductDependency;
			package = 6C38366229CDE6FB00DF3D90 /* XCRemoteSwiftPackageReference "ProgressHUD" */;
			productName = ProgressHUD;
		};
/* End XCSwiftPackageProductDependency section */
	};
	rootObject = 6C6CD71E297A949700154F62 /* Project object */;
}
